
Microsoft Visual Studio Solution File, Format Version 12.00
# Visual Studio Version 17
VisualStudioVersion = 17.14.36623.8
MinimumVisualStudioVersion = 10.0.40219.1
Project("{FAE04EC0-301F-11D3-BF4B-00C04F79EFBC}") = "iMicroFin", "iMicroFin\iMicroFin.csproj", "{856031B0-CE58-4D83-9CBF-68E5BB4313F1}"
EndProject
Global
	GlobalSection(SolutionConfigurationPlatforms) = preSolution
		Debug|Any CPU = Debug|Any CPU
		Release|Any CPU = Release|Any CPU
	EndGlobalSection
	GlobalSection(ProjectConfigurationPlatforms) = postSolution
		{856031B0-CE58-4D83-9CBF-68E5BB4313F1}.Debug|Any CPU.ActiveCfg = Debug|Any CPU
		{856031B0-CE58-4D83-9CBF-68E5BB4313F1}.Debug|Any CPU.Build.0 = Debug|Any CPU
		{856031B0-CE58-4D83-9CBF-68E5BB4313F1}.Release|Any CPU.ActiveCfg = Release|Any CPU
		{856031B0-CE58-4D83-9CBF-68E5BB4313F1}.Release|Any CPU.Build.0 = Release|Any CPU
	EndGlobalSection
	GlobalSection(SolutionProperties) = preSolution
		HideSolutionNode = FALSE
	EndGlobalSection
	GlobalSection(ExtensibilityGlobals) = postSolution
		SolutionGuid = {7337ABC5-2D2A-4819-9F05-931B942062FC}
	EndGlobalSection
EndGlobal
